
Microsoft Visual Studio Solution File, Format Version 12.00
# Visual Studio Version 17
VisualStudioVersion = 17.14.36717.8
MinimumVisualStudioVersion = 10.0.40219.1
Project("{FAE04EC0-301F-11D3-BF4B-00C04F79EFBC}") = "Abstracciones", "Abstracciones\Abstracciones.csproj", "{2A504119-FAC2-407D-A8BB-B78C765C31AA}"
EndProject
Project("{FAE04EC0-301F-11D3-BF4B-00C04F79EFBC}") = "Reglas", "Reglas\Reglas.csproj", "{5FADC91D-81CE-4981-B772-6EACB95D4143}"
EndProject
Project("{FAE04EC0-301F-11D3-BF4B-00C04F79EFBC}") = "Web", "Web\Web.csproj", "{1443E840-6E1E-496E-B9D3-586227BEE062}"
EndProject
Global
	GlobalSection(SolutionConfigurationPlatforms) = preSolution
		Debug|Any CPU = Debug|Any CPU
		Release|Any CPU = Release|Any CPU
	EndGlobalSection
	GlobalSection(ProjectConfigurationPlatforms) = postSolution
		{2A504119-FAC2-407D-A8BB-B78C765C31AA}.Debug|Any CPU.ActiveCfg = Debug|Any CPU
		{2A504119-FAC2-407D-A8BB-B78C765C31AA}.Debug|Any CPU.Build.0 = Debug|Any CPU
		{2A504119-FAC2-407D-A8BB-B78C765C31AA}.Release|Any CPU.ActiveCfg = Release|Any CPU
		{2A504119-FAC2-407D-A8BB-B78C765C31AA}.Release|Any CPU.Build.0 = Release|Any CPU
		{5FADC91D-81CE-4981-B772-6EACB95D4143}.Debug|Any CPU.ActiveCfg = Debug|Any CPU
		{5FADC91D-81CE-4981-B772-6EACB95D4143}.Debug|Any CPU.Build.0 = Debug|Any CPU
		{5FADC91D-81CE-4981-B772-6EACB95D4143}.Release|Any CPU.ActiveCfg = Release|Any CPU
		{5FADC91D-81CE-4981-B772-6EACB95D4143}.Release|Any CPU.Build.0 = Release|Any CPU
		{1443E840-6E1E-496E-B9D3-586227BEE062}.Debug|Any CPU.ActiveCfg = Debug|Any CPU
		{1443E840-6E1E-496E-B9D3-586227BEE062}.Debug|Any CPU.Build.0 = Debug|Any CPU
		{1443E840-6E1E-496E-B9D3-586227BEE062}.Release|Any CPU.ActiveCfg = Release|Any CPU
		{1443E840-6E1E-496E-B9D3-586227BEE062}.Release|Any CPU.Build.0 = Release|Any CPU
	EndGlobalSection
	GlobalSection(SolutionProperties) = preSolution
		HideSolutionNode = FALSE
	EndGlobalSection
	GlobalSection(ExtensibilityGlobals) = postSolution
		SolutionGuid = {D9AEE476-80C7-47C2-9668-A4995BA4AFC0}
	EndGlobalSection
EndGlobal
